
Microsoft Visual Studio Solution File, Format Version 12.00
# Visual Studio Version 16
VisualStudioVersion = 16.0.30717.126
MinimumVisualStudioVersion = 10.0.40219.1
Project("{FAE04EC0-301F-11D3-BF4B-00C04F79EFBC}") = "Sinema_Büfe_Satış_Uygulaması", "Sinema_Büfe_Satış_Uygulaması\Sinema_Büfe_Satış_Uygulaması.csproj", "{245246E4-EAA1-4EF8-B81B-3547579467AF}"
EndProject
Global
	GlobalSection(SolutionConfigurationPlatforms) = preSolution
		Debug|Any CPU = Debug|Any CPU
		Release|Any CPU = Release|Any CPU
	EndGlobalSection
	GlobalSection(ProjectConfigurationPlatforms) = postSolution
		{245246E4-EAA1-4EF8-B81B-3547579467AF}.Debug|Any CPU.ActiveCfg = Debug|Any CPU
		{245246E4-EAA1-4EF8-B81B-3547579467AF}.Debug|Any CPU.Build.0 = Debug|Any CPU
		{245246E4-EAA1-4EF8-B81B-3547579467AF}.Release|Any CPU.ActiveCfg = Release|Any CPU
		{245246E4-EAA1-4EF8-B81B-3547579467AF}.Release|Any CPU.Build.0 = Release|Any CPU
	EndGlobalSection
	GlobalSection(SolutionProperties) = preSolution
		HideSolutionNode = FALSE
	EndGlobalSection
	GlobalSection(ExtensibilityGlobals) = postSolution
		SolutionGuid = {FD555AE5-CA4D-42CE-898D-004E7DE268C1}
	EndGlobalSection
EndGlobal
